// !$*UTF8*$!
{
	archiveVersion = 1;
	classes = {
	};
	objectVersion = 50;
	objects = {

/* Begin PBXBuildFile section */
		91025FBA25E4EFC800E1EC82 /* YMBotEventResponse.swift in Sources */ = {isa = PBXBuildFile; fileRef = 91025FB925E4EFC800E1EC82 /* YMBotEventResponse.swift */; };
		917913B225DA4E78001F90CA /* YMChat.swift in Sources */ = {isa = PBXBuildFile; fileRef = 917913B125DA4E78001F90CA /* YMChat.swift */; };
		917913CA25DA5CAB001F90CA /* Assets.xcassets in Resources */ = {isa = PBXBuildFile; fileRef = 917913C925DA5CAB001F90CA /* Assets.xcassets */; };
		9195469025D67F4B0042759F /* YMChat.framework in Frameworks */ = {isa = PBXBuildFile; fileRef = 9195468625D67F4A0042759F /* YMChat.framework */; };
		9195469525D67F4B0042759F /* YMChatTests.swift in Sources */ = {isa = PBXBuildFile; fileRef = 9195469425D67F4B0042759F /* YMChatTests.swift */; };
		9195469725D67F4B0042759F /* YMChat.h in Headers */ = {isa = PBXBuildFile; fileRef = 9195468925D67F4A0042759F /* YMChat.h */; settings = {ATTRIBUTES = (Public, ); }; };
		919546A325D67F870042759F /* YMChatViewController.swift in Sources */ = {isa = PBXBuildFile; fileRef = 919546A225D67F870042759F /* YMChatViewController.swift */; };
		91A321EE263AB95A008B4AF3 /* index.html in Resources */ = {isa = PBXBuildFile; fileRef = 91A321ED263AB95A008B4AF3 /* index.html */; };
		91CEBE3F25DBDF53007AC38D /* Debounce.swift in Sources */ = {isa = PBXBuildFile; fileRef = 91CEBE3E25DBDF53007AC38D /* Debounce.swift */; };
		91CEBE4325DBEA7D007AC38D /* MicButton.swift in Sources */ = {isa = PBXBuildFile; fileRef = 91CEBE4225DBEA7D007AC38D /* MicButton.swift */; };
		91CEBE4A25DBF528007AC38D /* Image.swift in Sources */ = {isa = PBXBuildFile; fileRef = 91CEBE4925DBF528007AC38D /* Image.swift */; };
		91D25F2125DD213100FCCFA4 /* SpeechHelper.swift in Sources */ = {isa = PBXBuildFile; fileRef = 91D25F2025DD213100FCCFA4 /* SpeechHelper.swift */; };
		91D25F2825DD41EE00FCCFA4 /* YMConfigTests.swift in Sources */ = {isa = PBXBuildFile; fileRef = 91D25F2725DD41EE00FCCFA4 /* YMConfigTests.swift */; };
		91D25F2C25DD47C400FCCFA4 /* YMConfig.swift in Sources */ = {isa = PBXBuildFile; fileRef = 91D25F2B25DD47C400FCCFA4 /* YMConfig.swift */; };
/* End PBXBuildFile section */

/* Begin PBXContainerItemProxy section */
		9195469125D67F4B0042759F /* PBXContainerItemProxy */ = {
			isa = PBXContainerItemProxy;
			containerPortal = 9195467D25D67F4A0042759F /* Project object */;
			proxyType = 1;
			remoteGlobalIDString = 9195468525D67F4A0042759F;
			remoteInfo = YMChat;
		};
/* End PBXContainerItemProxy section */

/* Begin PBXFileReference section */
		91025FB925E4EFC800E1EC82 /* YMBotEventResponse.swift */ = {isa = PBXFileReference; lastKnownFileType = sourcecode.swift; path = YMBotEventResponse.swift; sourceTree = "<group>"; };
		917913B125DA4E78001F90CA /* YMChat.swift */ = {isa = PBXFileReference; lastKnownFileType = sourcecode.swift; path = YMChat.swift; sourceTree = "<group>"; };
		917913C925DA5CAB001F90CA /* Assets.xcassets */ = {isa = PBXFileReference; lastKnownFileType = folder.assetcatalog; path = Assets.xcassets; sourceTree = "<group>"; };
		9195468625D67F4A0042759F /* YMChat.framework */ = {isa = PBXFileReference; explicitFileType = wrapper.framework; includeInIndex = 0; path = YMChat.framework; sourceTree = BUILT_PRODUCTS_DIR; };
		9195468925D67F4A0042759F /* YMChat.h */ = {isa = PBXFileReference; lastKnownFileType = sourcecode.c.h; path = YMChat.h; sourceTree = "<group>"; };
		9195468A25D67F4A0042759F /* Info.plist */ = {isa = PBXFileReference; lastKnownFileType = text.plist.xml; path = Info.plist; sourceTree = "<group>"; };
		9195468F25D67F4B0042759F /* YMChatTests.xctest */ = {isa = PBXFileReference; explicitFileType = wrapper.cfbundle; includeInIndex = 0; path = YMChatTests.xctest; sourceTree = BUILT_PRODUCTS_DIR; };
		9195469425D67F4B0042759F /* YMChatTests.swift */ = {isa = PBXFileReference; lastKnownFileType = sourcecode.swift; path = YMChatTests.swift; sourceTree = "<group>"; };
		9195469625D67F4B0042759F /* Info.plist */ = {isa = PBXFileReference; lastKnownFileType = text.plist.xml; path = Info.plist; sourceTree = "<group>"; };
		919546A225D67F870042759F /* YMChatViewController.swift */ = {isa = PBXFileReference; lastKnownFileType = sourcecode.swift; path = YMChatViewController.swift; sourceTree = "<group>"; };
		919546E925D6824B0042759F /* YMChat.podspec */ = {isa = PBXFileReference; lastKnownFileType = text; path = YMChat.podspec; sourceTree = "<group>"; xcLanguageSpecificationIdentifier = xcode.lang.ruby; };
		91A321ED263AB95A008B4AF3 /* index.html */ = {isa = PBXFileReference; lastKnownFileType = text.html; path = index.html; sourceTree = "<group>"; };
		91CEBE3E25DBDF53007AC38D /* Debounce.swift */ = {isa = PBXFileReference; lastKnownFileType = sourcecode.swift; path = Debounce.swift; sourceTree = "<group>"; };
		91CEBE4225DBEA7D007AC38D /* MicButton.swift */ = {isa = PBXFileReference; lastKnownFileType = sourcecode.swift; path = MicButton.swift; sourceTree = "<group>"; };
		91CEBE4925DBF528007AC38D /* Image.swift */ = {isa = PBXFileReference; lastKnownFileType = sourcecode.swift; path = Image.swift; sourceTree = "<group>"; };
		91D25F2025DD213100FCCFA4 /* SpeechHelper.swift */ = {isa = PBXFileReference; lastKnownFileType = sourcecode.swift; path = SpeechHelper.swift; sourceTree = "<group>"; };
		91D25F2725DD41EE00FCCFA4 /* YMConfigTests.swift */ = {isa = PBXFileReference; lastKnownFileType = sourcecode.swift; path = YMConfigTests.swift; sourceTree = "<group>"; };
		91D25F2B25DD47C400FCCFA4 /* YMConfig.swift */ = {isa = PBXFileReference; lastKnownFileType = sourcecode.swift; path = YMConfig.swift; sourceTree = "<group>"; };
		91D8B56025E3BB79005E1405 /* README.md */ = {isa = PBXFileReference; lastKnownFileType = net.daringfireball.markdown; path = README.md; sourceTree = "<group>"; };
/* End PBXFileReference section */

/* Begin PBXFrameworksBuildPhase section */
		9195468325D67F4A0042759F /* Frameworks */ = {
			isa = PBXFrameworksBuildPhase;
			buildActionMask = 2147483647;
			files = (
			);
			runOnlyForDeploymentPostprocessing = 0;
		};
		9195468C25D67F4B0042759F /* Frameworks */ = {
			isa = PBXFrameworksBuildPhase;
			buildActionMask = 2147483647;
			files = (
				9195469025D67F4B0042759F /* YMChat.framework in Frameworks */,
			);
			runOnlyForDeploymentPostprocessing = 0;
		};
/* End PBXFrameworksBuildPhase section */

/* Begin PBXGroup section */
		9195467C25D67F4A0042759F = {
			isa = PBXGroup;
			children = (
				9195468825D67F4A0042759F /* YMChat */,
				919546E925D6824B0042759F /* YMChat.podspec */,
				91D8B56025E3BB79005E1405 /* README.md */,
				9195469325D67F4B0042759F /* YMChatTests */,
				9195468725D67F4A0042759F /* Products */,
			);
			sourceTree = "<group>";
		};
		9195468725D67F4A0042759F /* Products */ = {
			isa = PBXGroup;
			children = (
				9195468625D67F4A0042759F /* YMChat.framework */,
				9195468F25D67F4B0042759F /* YMChatTests.xctest */,
			);
			name = Products;
			sourceTree = "<group>";
		};
		9195468825D67F4A0042759F /* YMChat */ = {
			isa = PBXGroup;
			children = (
				9195468925D67F4A0042759F /* YMChat.h */,
				91D25F2B25DD47C400FCCFA4 /* YMConfig.swift */,
				917913B125DA4E78001F90CA /* YMChat.swift */,
				919546A225D67F870042759F /* YMChatViewController.swift */,
				91025FB925E4EFC800E1EC82 /* YMBotEventResponse.swift */,
				91D25F2025DD213100FCCFA4 /* SpeechHelper.swift */,
				91CEBE4225DBEA7D007AC38D /* MicButton.swift */,
				91CEBE4925DBF528007AC38D /* Image.swift */,
				91CEBE3E25DBDF53007AC38D /* Debounce.swift */,
				91A321ED263AB95A008B4AF3 /* index.html */,
				917913C925DA5CAB001F90CA /* Assets.xcassets */,
				9195468A25D67F4A0042759F /* Info.plist */,
			);
			path = YMChat;
			sourceTree = "<group>";
		};
		9195469325D67F4B0042759F /* YMChatTests */ = {
			isa = PBXGroup;
			children = (
				9195469425D67F4B0042759F /* YMChatTests.swift */,
				91D25F2725DD41EE00FCCFA4 /* YMConfigTests.swift */,
				9195469625D67F4B0042759F /* Info.plist */,
			);
			path = YMChatTests;
			sourceTree = "<group>";
		};
/* End PBXGroup section */

/* Begin PBXHeadersBuildPhase section */
		9195468125D67F4A0042759F /* Headers */ = {
			isa = PBXHeadersBuildPhase;
			buildActionMask = 2147483647;
			files = (
				9195469725D67F4B0042759F /* YMChat.h in Headers */,
			);
			runOnlyForDeploymentPostprocessing = 0;
		};
/* End PBXHeadersBuildPhase section */

/* Begin PBXNativeTarget section */
		9195468525D67F4A0042759F /* YMChat */ = {
			isa = PBXNativeTarget;
			buildConfigurationList = 9195469A25D67F4B0042759F /* Build configuration list for PBXNativeTarget "YMChat" */;
			buildPhases = (
				9195468125D67F4A0042759F /* Headers */,
				9195468225D67F4A0042759F /* Sources */,
				9195468325D67F4A0042759F /* Frameworks */,
				9195468425D67F4A0042759F /* Resources */,
			);
			buildRules = (
			);
			dependencies = (
			);
			name = YMChat;
			productName = YMChat;
			productReference = 9195468625D67F4A0042759F /* YMChat.framework */;
			productType = "com.apple.product-type.framework";
		};
		9195468E25D67F4B0042759F /* YMChatTests */ = {
			isa = PBXNativeTarget;
			buildConfigurationList = 9195469D25D67F4B0042759F /* Build configuration list for PBXNativeTarget "YMChatTests" */;
			buildPhases = (
				9195468B25D67F4B0042759F /* Sources */,
				9195468C25D67F4B0042759F /* Frameworks */,
				9195468D25D67F4B0042759F /* Resources */,
			);
			buildRules = (
			);
			dependencies = (
				9195469225D67F4B0042759F /* PBXTargetDependency */,
			);
			name = YMChatTests;
			productName = YMChatTests;
			productReference = 9195468F25D67F4B0042759F /* YMChatTests.xctest */;
			productType = "com.apple.product-type.bundle.unit-test";
		};
/* End PBXNativeTarget section */

/* Begin PBXProject section */
		9195467D25D67F4A0042759F /* Project object */ = {
			isa = PBXProject;
			attributes = {
				LastSwiftUpdateCheck = 1240;
				LastUpgradeCheck = 1240;
				TargetAttributes = {
					9195468525D67F4A0042759F = {
						CreatedOnToolsVersion = 12.4;
						LastSwiftMigration = 1240;
					};
					9195468E25D67F4B0042759F = {
						CreatedOnToolsVersion = 12.4;
					};
				};
			};
			buildConfigurationList = 9195468025D67F4A0042759F /* Build configuration list for PBXProject "YMChat" */;
			compatibilityVersion = "Xcode 9.3";
			developmentRegion = en;
			hasScannedForEncodings = 0;
			knownRegions = (
				en,
				Base,
			);
			mainGroup = 9195467C25D67F4A0042759F;
			productRefGroup = 9195468725D67F4A0042759F /* Products */;
			projectDirPath = "";
			projectRoot = "";
			targets = (
				9195468525D67F4A0042759F /* YMChat */,
				9195468E25D67F4B0042759F /* YMChatTests */,
			);
		};
/* End PBXProject section */

/* Begin PBXResourcesBuildPhase section */
		9195468425D67F4A0042759F /* Resources */ = {
			isa = PBXResourcesBuildPhase;
			buildActionMask = 2147483647;
			files = (
				917913CA25DA5CAB001F90CA /* Assets.xcassets in Resources */,
				91A321EE263AB95A008B4AF3 /* index.html in Resources */,
			);
			runOnlyForDeploymentPostprocessing = 0;
		};
		9195468D25D67F4B0042759F /* Resources */ = {
			isa = PBXResourcesBuildPhase;
			buildActionMask = 2147483647;
			files = (
			);
			runOnlyForDeploymentPostprocessing = 0;
		};
/* End PBXResourcesBuildPhase section */

/* Begin PBXSourcesBuildPhase section */
		9195468225D67F4A0042759F /* Sources */ = {
			isa = PBXSourcesBuildPhase;
			buildActionMask = 2147483647;
			files = (
				919546A325D67F870042759F /* YMChatViewController.swift in Sources */,
				91CEBE3F25DBDF53007AC38D /* Debounce.swift in Sources */,
				917913B225DA4E78001F90CA /* YMChat.swift in Sources */,
				91CEBE4325DBEA7D007AC38D /* MicButton.swift in Sources */,
				91D25F2C25DD47C400FCCFA4 /* YMConfig.swift in Sources */,
				91CEBE4A25DBF528007AC38D /* Image.swift in Sources */,
				91D25F2125DD213100FCCFA4 /* SpeechHelper.swift in Sources */,
				91025FBA25E4EFC800E1EC82 /* YMBotEventResponse.swift in Sources */,
			);
			runOnlyForDeploymentPostprocessing = 0;
		};
		9195468B25D67F4B0042759F /* Sources */ = {
			isa = PBXSourcesBuildPhase;
			buildActionMask = 2147483647;
			files = (
				9195469525D67F4B0042759F /* YMChatTests.swift in Sources */,
				91D25F2825DD41EE00FCCFA4 /* YMConfigTests.swift in Sources */,
			);
			runOnlyForDeploymentPostprocessing = 0;
		};
/* End PBXSourcesBuildPhase section */

/* Begin PBXTargetDependency section */
		9195469225D67F4B0042759F /* PBXTargetDependency */ = {
			isa = PBXTargetDependency;
			target = 9195468525D67F4A0042759F /* YMChat */;
			targetProxy = 9195469125D67F4B0042759F /* PBXContainerItemProxy */;
		};
/* End PBXTargetDependency section */

/* Begin XCBuildConfiguration section */
		9195469825D67F4B0042759F /* Debug */ = {
			isa = XCBuildConfiguration;
			buildSettings = {
				ALWAYS_SEARCH_USER_PATHS = NO;
				CLANG_ANALYZER_NONNULL = YES;
				CLANG_ANALYZER_NUMBER_OBJECT_CONVERSION = YES_AGGRESSIVE;
				CLANG_CXX_LANGUAGE_STANDARD = "gnu++14";
				CLANG_CXX_LIBRARY = "libc++";
				CLANG_ENABLE_MODULES = YES;
				CLANG_ENABLE_OBJC_ARC = YES;
				CLANG_ENABLE_OBJC_WEAK = YES;
				CLANG_WARN_BLOCK_CAPTURE_AUTORELEASING = YES;
				CLANG_WARN_BOOL_CONVERSION = YES;
				CLANG_WARN_COMMA = YES;
				CLANG_WARN_CONSTANT_CONVERSION = YES;
				CLANG_WARN_DEPRECATED_OBJC_IMPLEMENTATIONS = YES;
				CLANG_WARN_DIRECT_OBJC_ISA_USAGE = YES_ERROR;
				CLANG_WARN_DOCUMENTATION_COMMENTS = YES;
				CLANG_WARN_EMPTY_BODY = YES;
				CLANG_WARN_ENUM_CONVERSION = YES;
				CLANG_WARN_INFINITE_RECURSION = YES;
				CLANG_WARN_INT_CONVERSION = YES;
				CLANG_WARN_NON_LITERAL_NULL_CONVERSION = YES;
				CLANG_WARN_OBJC_IMPLICIT_RETAIN_SELF = YES;
				CLANG_WARN_OBJC_LITERAL_CONVERSION = YES;
				CLANG_WARN_OBJC_ROOT_CLASS = YES_ERROR;
				CLANG_WARN_QUOTED_INCLUDE_IN_FRAMEWORK_HEADER = YES;
				CLANG_WARN_RANGE_LOOP_ANALYSIS = YES;
				CLANG_WARN_STRICT_PROTOTYPES = YES;
				CLANG_WARN_SUSPICIOUS_MOVE = YES;
				CLANG_WARN_UNGUARDED_AVAILABILITY = YES_AGGRESSIVE;
				CLANG_WARN_UNREACHABLE_CODE = YES;
				CLANG_WARN__DUPLICATE_METHOD_MATCH = YES;
				COPY_PHASE_STRIP = NO;
				CURRENT_PROJECT_VERSION = 1;
				DEBUG_INFORMATION_FORMAT = dwarf;
				ENABLE_STRICT_OBJC_MSGSEND = YES;
				ENABLE_TESTABILITY = YES;
				GCC_C_LANGUAGE_STANDARD = gnu11;
				GCC_DYNAMIC_NO_PIC = NO;
				GCC_NO_COMMON_BLOCKS = YES;
				GCC_OPTIMIZATION_LEVEL = 0;
				GCC_PREPROCESSOR_DEFINITIONS = (
					"DEBUG=1",
					"$(inherited)",
				);
				GCC_WARN_64_TO_32_BIT_CONVERSION = YES;
				GCC_WARN_ABOUT_RETURN_TYPE = YES_ERROR;
				GCC_WARN_UNDECLARED_SELECTOR = YES;
				GCC_WARN_UNINITIALIZED_AUTOS = YES_AGGRESSIVE;
				GCC_WARN_UNUSED_FUNCTION = YES;
				GCC_WARN_UNUSED_VARIABLE = YES;
				IPHONEOS_DEPLOYMENT_TARGET = 14.4;
				MTL_ENABLE_DEBUG_INFO = INCLUDE_SOURCE;
				MTL_FAST_MATH = YES;
				ONLY_ACTIVE_ARCH = YES;
				SDKROOT = iphoneos;
				SWIFT_ACTIVE_COMPILATION_CONDITIONS = DEBUG;
				SWIFT_OPTIMIZATION_LEVEL = "-Onone";
				VERSIONING_SYSTEM = "apple-generic";
				VERSION_INFO_PREFIX = "";
			};
			name = Debug;
		};
		9195469925D67F4B0042759F /* Release */ = {
			isa = XCBuildConfiguration;
			buildSettings = {
				ALWAYS_SEARCH_USER_PATHS = NO;
				CLANG_ANALYZER_NONNULL = YES;
				CLANG_ANALYZER_NUMBER_OBJECT_CONVERSION = YES_AGGRESSIVE;
				CLANG_CXX_LANGUAGE_STANDARD = "gnu++14";
				CLANG_CXX_LIBRARY = "libc++";
				CLANG_ENABLE_MODULES = YES;
				CLANG_ENABLE_OBJC_ARC = YES;
				CLANG_ENABLE_OBJC_WEAK = YES;
				CLANG_WARN_BLOCK_CAPTURE_AUTORELEASING = YES;
				CLANG_WARN_BOOL_CONVERSION = YES;
				CLANG_WARN_COMMA = YES;
				CLANG_WARN_CONSTANT_CONVERSION = YES;
				CLANG_WARN_DEPRECATED_OBJC_IMPLEMENTATIONS = YES;
				CLANG_WARN_DIRECT_OBJC_ISA_USAGE = YES_ERROR;
				CLANG_WARN_DOCUMENTATION_COMMENTS = YES;
				CLANG_WARN_EMPTY_BODY = YES;
				CLANG_WARN_ENUM_CONVERSION = YES;
				CLANG_WARN_INFINITE_RECURSION = YES;
				CLANG_WARN_INT_CONVERSION = YES;
				CLANG_WARN_NON_LITERAL_NULL_CONVERSION = YES;
				CLANG_WARN_OBJC_IMPLICIT_RETAIN_SELF = YES;
				CLANG_WARN_OBJC_LITERAL_CONVERSION = YES;
				CLANG_WARN_OBJC_ROOT_CLASS = YES_ERROR;
				CLANG_WARN_QUOTED_INCLUDE_IN_FRAMEWORK_HEADER = YES;
				CLANG_WARN_RANGE_LOOP_ANALYSIS = YES;
				CLANG_WARN_STRICT_PROTOTYPES = YES;
				CLANG_WARN_SUSPICIOUS_MOVE = YES;
				CLANG_WARN_UNGUARDED_AVAILABILITY = YES_AGGRESSIVE;
				CLANG_WARN_UNREACHABLE_CODE = YES;
				CLANG_WARN__DUPLICATE_METHOD_MATCH = YES;
				COPY_PHASE_STRIP = NO;
				CURRENT_PROJECT_VERSION = 1;
				DEBUG_INFORMATION_FORMAT = "dwarf-with-dsym";
				ENABLE_NS_ASSERTIONS = NO;
				ENABLE_STRICT_OBJC_MSGSEND = YES;
				GCC_C_LANGUAGE_STANDARD = gnu11;
				GCC_NO_COMMON_BLOCKS = YES;
				GCC_WARN_64_TO_32_BIT_CONVERSION = YES;
				GCC_WARN_ABOUT_RETURN_TYPE = YES_ERROR;
				GCC_WARN_UNDECLARED_SELECTOR = YES;
				GCC_WARN_UNINITIALIZED_AUTOS = YES_AGGRESSIVE;
				GCC_WARN_UNUSED_FUNCTION = YES;
				GCC_WARN_UNUSED_VARIABLE = YES;
				IPHONEOS_DEPLOYMENT_TARGET = 14.4;
				MTL_ENABLE_DEBUG_INFO = NO;
				MTL_FAST_MATH = YES;
				SDKROOT = iphoneos;
				SWIFT_COMPILATION_MODE = wholemodule;
				SWIFT_OPTIMIZATION_LEVEL = "-O";
				VALIDATE_PRODUCT = YES;
				VERSIONING_SYSTEM = "apple-generic";
				VERSION_INFO_PREFIX = "";
			};
			name = Release;
		};
		9195469B25D67F4B0042759F /* Debug */ = {
			isa = XCBuildConfiguration;
			buildSettings = {
				BUILD_LIBRARY_FOR_DISTRIBUTION = YES;
				CLANG_ENABLE_MODULES = YES;
				CODE_SIGN_STYLE = Automatic;
				DEFINES_MODULE = YES;
				DEVELOPMENT_TEAM = MS237D8H2K;
				DYLIB_COMPATIBILITY_VERSION = 1;
				DYLIB_CURRENT_VERSION = 1;
				DYLIB_INSTALL_NAME_BASE = "@rpath";
				INFOPLIST_FILE = YMChat/Info.plist;
				INSTALL_PATH = "$(LOCAL_LIBRARY_DIR)/Frameworks";
				IPHONEOS_DEPLOYMENT_TARGET = 12.1;
				LD_RUNPATH_SEARCH_PATHS = (
					"$(inherited)",
					"@executable_path/Frameworks",
					"@loader_path/Frameworks",
				);
				MARKETING_VERSION = 2.0.0;
				PRODUCT_BUNDLE_IDENTIFIER = com.yellowmessenger.ymchat.YMChat;
				PRODUCT_NAME = "$(TARGET_NAME:c99extidentifier)";
				SKIP_INSTALL = NO;
				SUPPORTS_MACCATALYST = NO;
				SWIFT_OPTIMIZATION_LEVEL = "-Onone";
				SWIFT_VERSION = 5.0;
				TARGETED_DEVICE_FAMILY = "1,2";
			};
			name = Debug;
		};
		9195469C25D67F4B0042759F /* Release */ = {
			isa = XCBuildConfiguration;
			buildSettings = {
				BUILD_LIBRARY_FOR_DISTRIBUTION = YES;
				CLANG_ENABLE_MODULES = YES;
				CODE_SIGN_STYLE = Automatic;
				DEFINES_MODULE = YES;
				DEVELOPMENT_TEAM = MS237D8H2K;
				DYLIB_COMPATIBILITY_VERSION = 1;
				DYLIB_CURRENT_VERSION = 1;
				DYLIB_INSTALL_NAME_BASE = "@rpath";
				INFOPLIST_FILE = YMChat/Info.plist;
				INSTALL_PATH = "$(LOCAL_LIBRARY_DIR)/Frameworks";
				IPHONEOS_DEPLOYMENT_TARGET = 12.1;
				LD_RUNPATH_SEARCH_PATHS = (
					"$(inherited)",
					"@executable_path/Frameworks",
					"@loader_path/Frameworks",
				);
				MARKETING_VERSION = 2.0.0;
				PRODUCT_BUNDLE_IDENTIFIER = com.yellowmessenger.ymchat.YMChat;
				PRODUCT_NAME = "$(TARGET_NAME:c99extidentifier)";
				SKIP_INSTALL = NO;
				SUPPORTS_MACCATALYST = NO;
				SWIFT_VERSION = 5.0;
				TARGETED_DEVICE_FAMILY = "1,2";
			};
			name = Release;
		};
		9195469E25D67F4B0042759F /* Debug */ = {
			isa = XCBuildConfiguration;
			buildSettings = {
				ALWAYS_EMBED_SWIFT_STANDARD_LIBRARIES = YES;
				CODE_SIGN_STYLE = Automatic;
				DEVELOPMENT_TEAM = MS237D8H2K;
				INFOPLIST_FILE = YMChatTests/Info.plist;
				LD_RUNPATH_SEARCH_PATHS = (
					"$(inherited)",
					"@executable_path/Frameworks",
					"@loader_path/Frameworks",
				);
				PRODUCT_BUNDLE_IDENTIFIER = com.yellowmessenger.ymchat.YMChatTests;
				PRODUCT_NAME = "$(TARGET_NAME)";
				SWIFT_VERSION = 5.0;
				TARGETED_DEVICE_FAMILY = "1,2";
			};
			name = Debug;
		};
		9195469F25D67F4B0042759F /* Release */ = {
			isa = XCBuildConfiguration;
			buildSettings = {
				ALWAYS_EMBED_SWIFT_STANDARD_LIBRARIES = YES;
				CODE_SIGN_STYLE = Automatic;
				DEVELOPMENT_TEAM = MS237D8H2K;
				INFOPLIST_FILE = YMChatTests/Info.plist;
				LD_RUNPATH_SEARCH_PATHS = (
					"$(inherited)",
					"@executable_path/Frameworks",
					"@loader_path/Frameworks",
				);
				PRODUCT_BUNDLE_IDENTIFIER = com.yellowmessenger.ymchat.YMChatTests;
				PRODUCT_NAME = "$(TARGET_NAME)";
				SWIFT_VERSION = 5.0;
				TARGETED_DEVICE_FAMILY = "1,2";
			};
			name = Release;
		};
/* End XCBuildConfiguration section */

/* Begin XCConfigurationList section */
		9195468025D67F4A0042759F /* Build configuration list for PBXProject "YMChat" */ = {
			isa = XCConfigurationList;
			buildConfigurations = (
				9195469825D67F4B0042759F /* Debug */,
				9195469925D67F4B0042759F /* Release */,
			);
			defaultConfigurationIsVisible = 0;
			defaultConfigurationName = Release;
		};
		9195469A25D67F4B0042759F /* Build configuration list for PBXNativeTarget "YMChat" */ = {
			isa = XCConfigurationList;
			buildConfigurations = (
				9195469B25D67F4B0042759F /* Debug */,
				9195469C25D67F4B0042759F /* Release */,
			);
			defaultConfigurationIsVisible = 0;
			defaultConfigurationName = Release;
		};
		9195469D25D67F4B0042759F /* Build configuration list for PBXNativeTarget "YMChatTests" */ = {
			isa = XCConfigurationList;
			buildConfigurations = (
				9195469E25D67F4B0042759F /* Debug */,
				9195469F25D67F4B0042759F /* Release */,
			);
			defaultConfigurationIsVisible = 0;
			defaultConfigurationName = Release;
		};
/* End XCConfigurationList section */
	};
	rootObject = 9195467D25D67F4A0042759F /* Project object */;
}
